
Microsoft Visual Studio Solution File, Format Version 12.00
# Visual Studio Version 17
VisualStudioVersion = 17.4.33122.133
MinimumVisualStudioVersion = 10.0.40219.1
Project("{FAE04EC0-301F-11D3-BF4B-00C04F79EFBC}") = "FinSage.WebAPI", "FinSage.WebAPI\FinSage.WebAPI.csproj", "{E2FE9111-63D3-4C6A-8DA7-C03EA7E13B67}"
EndProject
Global
	GlobalSection(SolutionConfigurationPlatforms) = preSolution
		Debug|Any CPU = Debug|Any CPU
		Release|Any CPU = Release|Any CPU
	EndGlobalSection
	GlobalSection(ProjectConfigurationPlatforms) = postSolution
		{E2FE9111-63D3-4C6A-8DA7-C03EA7E13B67}.Debug|Any CPU.ActiveCfg = Debug|Any CPU
		{E2FE9111-63D3-4C6A-8DA7-C03EA7E13B67}.Debug|Any CPU.Build.0 = Debug|Any CPU
		{E2FE9111-63D3-4C6A-8DA7-C03EA7E13B67}.Release|Any CPU.ActiveCfg = Release|Any CPU
		{E2FE9111-63D3-4C6A-8DA7-C03EA7E13B67}.Release|Any CPU.Build.0 = Release|Any CPU
	EndGlobalSection
	GlobalSection(SolutionProperties) = preSolution
		HideSolutionNode = FALSE
	EndGlobalSection
	GlobalSection(ExtensibilityGlobals) = postSolution
		SolutionGuid = {43F5D9A6-68AE-47B0-A271-E357A01E0234}
	EndGlobalSection
EndGlobal
