
Microsoft Visual Studio Solution File, Format Version 12.00
# Visual Studio Version 17
VisualStudioVersion = 17.4.33122.133
MinimumVisualStudioVersion = 10.0.40219.1
Project("{9A19103F-16F7-4668-BE54-9A1E7A4F7556}") = "FinSage.WebAPI", "FinSage.WebAPI\FinSage.WebAPI.csproj", "{E2FE9111-63D3-4C6A-8DA7-C03EA7E13B67}"
EndProject
Project("{FAE04EC0-301F-11D3-BF4B-00C04F79EFBC}") = "FinSage.Domain", "FinSage.Domain\FinSage.Domain.csproj", "{18A9D5E7-52C3-4F4F-8D8B-F9AF256990AA}"
EndProject
Project("{FAE04EC0-301F-11D3-BF4B-00C04F79EFBC}") = "FinSage.Application", "FinSage.Application\FinSage.Application.csproj", "{576E95E3-5715-485C-B672-23E461624FA8}"
EndProject
Project("{FAE04EC0-301F-11D3-BF4B-00C04F79EFBC}") = "FinSage.Infrastructure", "FinSage.Infrastructure\FinSage.Infrastructure.csproj", "{824D2A77-12EF-47DC-93D6-27ED60ADF457}"
EndProject
Global
	GlobalSection(SolutionConfigurationPlatforms) = preSolution
		Debug|Any CPU = Debug|Any CPU
		Release|Any CPU = Release|Any CPU
	EndGlobalSection
	GlobalSection(ProjectConfigurationPlatforms) = postSolution
		{E2FE9111-63D3-4C6A-8DA7-C03EA7E13B67}.Debug|Any CPU.ActiveCfg = Debug|Any CPU
		{E2FE9111-63D3-4C6A-8DA7-C03EA7E13B67}.Debug|Any CPU.Build.0 = Debug|Any CPU
		{E2FE9111-63D3-4C6A-8DA7-C03EA7E13B67}.Release|Any CPU.ActiveCfg = Release|Any CPU
		{E2FE9111-63D3-4C6A-8DA7-C03EA7E13B67}.Release|Any CPU.Build.0 = Release|Any CPU
		{18A9D5E7-52C3-4F4F-8D8B-F9AF256990AA}.Debug|Any CPU.ActiveCfg = Debug|Any CPU
		{18A9D5E7-52C3-4F4F-8D8B-F9AF256990AA}.Debug|Any CPU.Build.0 = Debug|Any CPU
		{18A9D5E7-52C3-4F4F-8D8B-F9AF256990AA}.Release|Any CPU.ActiveCfg = Release|Any CPU
		{18A9D5E7-52C3-4F4F-8D8B-F9AF256990AA}.Release|Any CPU.Build.0 = Release|Any CPU
		{576E95E3-5715-485C-B672-23E461624FA8}.Debug|Any CPU.ActiveCfg = Debug|Any CPU
		{576E95E3-5715-485C-B672-23E461624FA8}.Debug|Any CPU.Build.0 = Debug|Any CPU
		{576E95E3-5715-485C-B672-23E461624FA8}.Release|Any CPU.ActiveCfg = Release|Any CPU
		{576E95E3-5715-485C-B672-23E461624FA8}.Release|Any CPU.Build.0 = Release|Any CPU
		{824D2A77-12EF-47DC-93D6-27ED60ADF457}.Debug|Any CPU.ActiveCfg = Debug|Any CPU
		{824D2A77-12EF-47DC-93D6-27ED60ADF457}.Debug|Any CPU.Build.0 = Debug|Any CPU
		{824D2A77-12EF-47DC-93D6-27ED60ADF457}.Release|Any CPU.ActiveCfg = Release|Any CPU
		{824D2A77-12EF-47DC-93D6-27ED60ADF457}.Release|Any CPU.Build.0 = Release|Any CPU
	EndGlobalSection
	GlobalSection(SolutionProperties) = preSolution
		HideSolutionNode = FALSE
	EndGlobalSection
	GlobalSection(ExtensibilityGlobals) = postSolution
		SolutionGuid = {43F5D9A6-68AE-47B0-A271-E357A01E0234}
	EndGlobalSection
EndGlobal
